
Microsoft Visual Studio Solution File, Format Version 12.00
# Visual Studio Version 17
VisualStudioVersion = 17.8.34511.84
MinimumVisualStudioVersion = 10.0.40219.1
Project("{888888A0-9F3D-457C-B088-3A5042F75D52}") = "Eliza", "Eliza\Eliza.pyproj", "{223CCD2C-0AAF-4F90-8070-052F52D7A385}"
EndProject
Global
	GlobalSection(SolutionConfigurationPlatforms) = preSolution
		Debug|Any CPU = Debug|Any CPU
		Release|Any CPU = Release|Any CPU
	EndGlobalSection
	GlobalSection(ProjectConfigurationPlatforms) = postSolution
		{223CCD2C-0AAF-4F90-8070-052F52D7A385}.Debug|Any CPU.ActiveCfg = Debug|Any CPU
		{223CCD2C-0AAF-4F90-8070-052F52D7A385}.Release|Any CPU.ActiveCfg = Release|Any CPU
	EndGlobalSection
	GlobalSection(SolutionProperties) = preSolution
		HideSolutionNode = FALSE
	EndGlobalSection
	GlobalSection(ExtensibilityGlobals) = postSolution
		SolutionGuid = {E3CE0C79-EBC6-471C-B122-8DD274EB3F31}
	EndGlobalSection
EndGlobal
